
Microsoft Visual Studio Solution File, Format Version 12.00
# Visual Studio 2015
Project("{FAE04EC0-301F-11D3-BF4B-00C04F79EFBC}") = "AR3.CSharp.Plugins", "AR3.CSharp.Plugins.csproj", "{B29DA8C1-40DD-F43F-BB0B-6DE42075DEFD}"
EndProject
Project("{FAE04EC0-301F-11D3-BF4B-00C04F79EFBC}") = "AR3.CSharp", "AR3.CSharp.csproj", "{FBE2058D-6ABD-011B-C9BB-F19FA94C2193}"
EndProject
Project("{FAE04EC0-301F-11D3-BF4B-00C04F79EFBC}") = "AR3.CSharp.Editor", "AR3.CSharp.Editor.csproj", "{3BCD8192-B48B-C703-1E4D-50068F9B7B8D}"
EndProject
Global
	GlobalSection(SolutionConfigurationPlatforms) = preSolution
		Debug|Any CPU = Debug|Any CPU
		Release|Any CPU = Release|Any CPU
	EndGlobalSection
	GlobalSection(ProjectConfigurationPlatforms) = postSolution
		{B29DA8C1-40DD-F43F-BB0B-6DE42075DEFD}.Debug|Any CPU.ActiveCfg = Debug|Any CPU
		{B29DA8C1-40DD-F43F-BB0B-6DE42075DEFD}.Debug|Any CPU.Build.0 = Debug|Any CPU
		{B29DA8C1-40DD-F43F-BB0B-6DE42075DEFD}.Release|Any CPU.ActiveCfg = Release|Any CPU
		{B29DA8C1-40DD-F43F-BB0B-6DE42075DEFD}.Release|Any CPU.Build.0 = Release|Any CPU
		{FBE2058D-6ABD-011B-C9BB-F19FA94C2193}.Debug|Any CPU.ActiveCfg = Debug|Any CPU
		{FBE2058D-6ABD-011B-C9BB-F19FA94C2193}.Debug|Any CPU.Build.0 = Debug|Any CPU
		{FBE2058D-6ABD-011B-C9BB-F19FA94C2193}.Release|Any CPU.ActiveCfg = Release|Any CPU
		{FBE2058D-6ABD-011B-C9BB-F19FA94C2193}.Release|Any CPU.Build.0 = Release|Any CPU
		{3BCD8192-B48B-C703-1E4D-50068F9B7B8D}.Debug|Any CPU.ActiveCfg = Debug|Any CPU
		{3BCD8192-B48B-C703-1E4D-50068F9B7B8D}.Debug|Any CPU.Build.0 = Debug|Any CPU
		{3BCD8192-B48B-C703-1E4D-50068F9B7B8D}.Release|Any CPU.ActiveCfg = Release|Any CPU
		{3BCD8192-B48B-C703-1E4D-50068F9B7B8D}.Release|Any CPU.Build.0 = Release|Any CPU
	EndGlobalSection
	GlobalSection(SolutionProperties) = preSolution
		HideSolutionNode = FALSE
	EndGlobalSection
EndGlobal
